{
  "name": "Shopify",
  "lockfileVersion": 3,
  "requires": true,
  "packages": {
    "": {
      "dependencies": {
        "embla-carousel": "^8.1.7"
      }
    },
    "node_modules/embla-carousel": {
      "version": "8.1.7",
      "resolved": "https://registry.npmjs.org/embla-carousel/-/embla-carousel-8.1.7.tgz",
      "integrity": "sha512-b3kBr2H+S1gx4neki0P+aqN6cA5Ibjqy4CR3Ufi3X+Q3JpoNXJgOmJMSPkoP9DKcDREwADN6UWZzRwF2oo0y9Q==",
      "license": "MIT"
    }
  }
}
